// !$*UTF8*$!
{
	archiveVersion = 1;
	classes = {
	};
	objectVersion = 56;
	objects = {

/* Begin PBXBuildFile section */
		A243C5262B2A52A000FFDA13 /* CodeScanner in Frameworks */ = {isa = PBXBuildFile; productRef = A243C5252B2A52A000FFDA13 /* CodeScanner */; };
		A243C5292B2A547000FFDA13 /* URLImage in Frameworks */ = {isa = PBXBuildFile; productRef = A243C5282B2A547000FFDA13 /* URLImage */; };
		A243C52B2B2A547000FFDA13 /* URLImageStore in Frameworks */ = {isa = PBXBuildFile; productRef = A243C52A2B2A547000FFDA13 /* URLImageStore */; };
		A261F0EC2B1768E20024AE96 /* EcoGiveApp.swift in Sources */ = {isa = PBXBuildFile; fileRef = A261F0EB2B1768E20024AE96 /* EcoGiveApp.swift */; };
		A261F0EE2B1768E20024AE96 /* ContentView.swift in Sources */ = {isa = PBXBuildFile; fileRef = A261F0ED2B1768E20024AE96 /* ContentView.swift */; };
		A261F0F02B1768E20024AE96 /* Item.swift in Sources */ = {isa = PBXBuildFile; fileRef = A261F0EF2B1768E20024AE96 /* Item.swift */; };
		A261F0F22B1768E20024AE96 /* Assets.xcassets in Resources */ = {isa = PBXBuildFile; fileRef = A261F0F12B1768E20024AE96 /* Assets.xcassets */; };
		A261F0F52B1768E20024AE96 /* Preview Assets.xcassets in Resources */ = {isa = PBXBuildFile; fileRef = A261F0F42B1768E20024AE96 /* Preview Assets.xcassets */; };
		A261F0FD2B176AB60024AE96 /* Alamofire in Frameworks */ = {isa = PBXBuildFile; productRef = A261F0FC2B176AB60024AE96 /* Alamofire */; };
		A261F1032B176B2C0024AE96 /* EventListView.swift in Sources */ = {isa = PBXBuildFile; fileRef = A261F1022B176B2C0024AE96 /* EventListView.swift */; };
		A261F1052B176B3C0024AE96 /* EventCardView.swift in Sources */ = {isa = PBXBuildFile; fileRef = A261F1042B176B3C0024AE96 /* EventCardView.swift */; };
		A261F1072B176B4C0024AE96 /* EventDetailView.swift in Sources */ = {isa = PBXBuildFile; fileRef = A261F1062B176B4C0024AE96 /* EventDetailView.swift */; };
		A261F1092B176B590024AE96 /* HomeView.swift in Sources */ = {isa = PBXBuildFile; fileRef = A261F1082B176B590024AE96 /* HomeView.swift */; };
		A261F10B2B176B690024AE96 /* OrganizationListView.swift in Sources */ = {isa = PBXBuildFile; fileRef = A261F10A2B176B690024AE96 /* OrganizationListView.swift */; };
		A261F10D2B176B790024AE96 /* OrganizationCardView.swift in Sources */ = {isa = PBXBuildFile; fileRef = A261F10C2B176B790024AE96 /* OrganizationCardView.swift */; };
		A261F10F2B176B8D0024AE96 /* OrganizationDetailView.swift in Sources */ = {isa = PBXBuildFile; fileRef = A261F10E2B176B8D0024AE96 /* OrganizationDetailView.swift */; };
		A261F1112B176BA80024AE96 /* EventViewModel.swift in Sources */ = {isa = PBXBuildFile; fileRef = A261F1102B176BA80024AE96 /* EventViewModel.swift */; };
		A261F1132B176BBC0024AE96 /* OrganizationViewModel.swift in Sources */ = {isa = PBXBuildFile; fileRef = A261F1122B176BBC0024AE96 /* OrganizationViewModel.swift */; };
		A261F1152B176BCC0024AE96 /* EventService.swift in Sources */ = {isa = PBXBuildFile; fileRef = A261F1142B176BCC0024AE96 /* EventService.swift */; };
		A261F1172B176BDE0024AE96 /* OrganizationService.swift in Sources */ = {isa = PBXBuildFile; fileRef = A261F1162B176BDE0024AE96 /* OrganizationService.swift */; };
		A261F1192B176BF00024AE96 /* AsyncImageView.swift in Sources */ = {isa = PBXBuildFile; fileRef = A261F1182B176BF00024AE96 /* AsyncImageView.swift */; };
		A261F11B2B176BFB0024AE96 /* EventModel.swift in Sources */ = {isa = PBXBuildFile; fileRef = A261F11A2B176BFB0024AE96 /* EventModel.swift */; };
		A261F11D2B176C0A0024AE96 /* OrganizationModel.swift in Sources */ = {isa = PBXBuildFile; fileRef = A261F11C2B176C0A0024AE96 /* OrganizationModel.swift */; };
		A26940022B18098900D6B58A /* QRCodeScannerView.swift in Sources */ = {isa = PBXBuildFile; fileRef = A26940012B18098900D6B58A /* QRCodeScannerView.swift */; };
		A2C6A6EC2B17C8A900320715 /* organizationRowView.swift in Sources */ = {isa = PBXBuildFile; fileRef = A2C6A6EB2B17C8A900320715 /* organizationRowView.swift */; };
		A2C6A6EE2B17D2AC00320715 /* EventCardHome.swift in Sources */ = {isa = PBXBuildFile; fileRef = A2C6A6ED2B17D2AC00320715 /* EventCardHome.swift */; };
/* End PBXBuildFile section */

/* Begin PBXFileReference section */
		A261F0E82B1768E20024AE96 /* EcoGive.app */ = {isa = PBXFileReference; explicitFileType = wrapper.application; includeInIndex = 0; path = EcoGive.app; sourceTree = BUILT_PRODUCTS_DIR; };
		A261F0EB2B1768E20024AE96 /* EcoGiveApp.swift */ = {isa = PBXFileReference; lastKnownFileType = sourcecode.swift; path = EcoGiveApp.swift; sourceTree = "<group>"; };
		A261F0ED2B1768E20024AE96 /* ContentView.swift */ = {isa = PBXFileReference; lastKnownFileType = sourcecode.swift; path = ContentView.swift; sourceTree = "<group>"; };
		A261F0EF2B1768E20024AE96 /* Item.swift */ = {isa = PBXFileReference; lastKnownFileType = sourcecode.swift; path = Item.swift; sourceTree = "<group>"; };
		A261F0F12B1768E20024AE96 /* Assets.xcassets */ = {isa = PBXFileReference; lastKnownFileType = folder.assetcatalog; path = Assets.xcassets; sourceTree = "<group>"; };
		A261F0F42B1768E20024AE96 /* Preview Assets.xcassets */ = {isa = PBXFileReference; lastKnownFileType = folder.assetcatalog; path = "Preview Assets.xcassets"; sourceTree = "<group>"; };
		A261F1022B176B2C0024AE96 /* EventListView.swift */ = {isa = PBXFileReference; lastKnownFileType = sourcecode.swift; path = EventListView.swift; sourceTree = "<group>"; };
		A261F1042B176B3C0024AE96 /* EventCardView.swift */ = {isa = PBXFileReference; lastKnownFileType = sourcecode.swift; path = EventCardView.swift; sourceTree = "<group>"; };
		A261F1062B176B4C0024AE96 /* EventDetailView.swift */ = {isa = PBXFileReference; lastKnownFileType = sourcecode.swift; path = EventDetailView.swift; sourceTree = "<group>"; };
		A261F1082B176B590024AE96 /* HomeView.swift */ = {isa = PBXFileReference; lastKnownFileType = sourcecode.swift; path = HomeView.swift; sourceTree = "<group>"; };
		A261F10A2B176B690024AE96 /* OrganizationListView.swift */ = {isa = PBXFileReference; lastKnownFileType = sourcecode.swift; path = OrganizationListView.swift; sourceTree = "<group>"; };
		A261F10C2B176B790024AE96 /* OrganizationCardView.swift */ = {isa = PBXFileReference; lastKnownFileType = sourcecode.swift; path = OrganizationCardView.swift; sourceTree = "<group>"; };
		A261F10E2B176B8D0024AE96 /* OrganizationDetailView.swift */ = {isa = PBXFileReference; lastKnownFileType = sourcecode.swift; path = OrganizationDetailView.swift; sourceTree = "<group>"; };
		A261F1102B176BA80024AE96 /* EventViewModel.swift */ = {isa = PBXFileReference; lastKnownFileType = sourcecode.swift; path = EventViewModel.swift; sourceTree = "<group>"; };
		A261F1122B176BBC0024AE96 /* OrganizationViewModel.swift */ = {isa = PBXFileReference; lastKnownFileType = sourcecode.swift; path = OrganizationViewModel.swift; sourceTree = "<group>"; };
		A261F1142B176BCC0024AE96 /* EventService.swift */ = {isa = PBXFileReference; lastKnownFileType = sourcecode.swift; path = EventService.swift; sourceTree = "<group>"; };
		A261F1162B176BDE0024AE96 /* OrganizationService.swift */ = {isa = PBXFileReference; lastKnownFileType = sourcecode.swift; path = OrganizationService.swift; sourceTree = "<group>"; };
		A261F1182B176BF00024AE96 /* AsyncImageView.swift */ = {isa = PBXFileReference; lastKnownFileType = sourcecode.swift; path = AsyncImageView.swift; sourceTree = "<group>"; };
		A261F11A2B176BFB0024AE96 /* EventModel.swift */ = {isa = PBXFileReference; lastKnownFileType = sourcecode.swift; path = EventModel.swift; sourceTree = "<group>"; };
		A261F11C2B176C0A0024AE96 /* OrganizationModel.swift */ = {isa = PBXFileReference; lastKnownFileType = sourcecode.swift; path = OrganizationModel.swift; sourceTree = "<group>"; };
		A26940012B18098900D6B58A /* QRCodeScannerView.swift */ = {isa = PBXFileReference; lastKnownFileType = sourcecode.swift; path = QRCodeScannerView.swift; sourceTree = "<group>"; };
		A2C6A6EB2B17C8A900320715 /* organizationRowView.swift */ = {isa = PBXFileReference; lastKnownFileType = sourcecode.swift; path = organizationRowView.swift; sourceTree = "<group>"; };
		A2C6A6ED2B17D2AC00320715 /* EventCardHome.swift */ = {isa = PBXFileReference; lastKnownFileType = sourcecode.swift; path = EventCardHome.swift; sourceTree = "<group>"; };
/* End PBXFileReference section */

/* Begin PBXFrameworksBuildPhase section */
		A261F0E52B1768E20024AE96 /* Frameworks */ = {
			isa = PBXFrameworksBuildPhase;
			buildActionMask = 2147483647;
			files = (
				A243C52B2B2A547000FFDA13 /* URLImageStore in Frameworks */,
				A243C5262B2A52A000FFDA13 /* CodeScanner in Frameworks */,
				A243C5292B2A547000FFDA13 /* URLImage in Frameworks */,
				A261F0FD2B176AB60024AE96 /* Alamofire in Frameworks */,
			);
			runOnlyForDeploymentPostprocessing = 0;
		};
/* End PBXFrameworksBuildPhase section */

/* Begin PBXGroup section */
		A261F0DF2B1768E20024AE96 = {
			isa = PBXGroup;
			children = (
				A261F0EA2B1768E20024AE96 /* EcoGive */,
				A261F0E92B1768E20024AE96 /* Products */,
			);
			sourceTree = "<group>";
		};
		A261F0E92B1768E20024AE96 /* Products */ = {
			isa = PBXGroup;
			children = (
				A261F0E82B1768E20024AE96 /* EcoGive.app */,
			);
			name = Products;
			sourceTree = "<group>";
		};
		A261F0EA2B1768E20024AE96 /* EcoGive */ = {
			isa = PBXGroup;
			children = (
				A261F1012B176AE60024AE96 /* Model */,
				A261F1002B176ADE0024AE96 /* Services */,
				A261F0FF2B176ACD0024AE96 /* ViewModel */,
				A261F0FE2B176ABF0024AE96 /* View */,
				A261F0EB2B1768E20024AE96 /* EcoGiveApp.swift */,
				A261F0ED2B1768E20024AE96 /* ContentView.swift */,
				A261F0EF2B1768E20024AE96 /* Item.swift */,
				A261F0F12B1768E20024AE96 /* Assets.xcassets */,
				A261F0F32B1768E20024AE96 /* Preview Content */,
			);
			path = EcoGive;
			sourceTree = "<group>";
		};
		A261F0F32B1768E20024AE96 /* Preview Content */ = {
			isa = PBXGroup;
			children = (
				A261F0F42B1768E20024AE96 /* Preview Assets.xcassets */,
			);
			path = "Preview Content";
			sourceTree = "<group>";
		};
		A261F0FE2B176ABF0024AE96 /* View */ = {
			isa = PBXGroup;
			children = (
				A261F1022B176B2C0024AE96 /* EventListView.swift */,
				A261F1042B176B3C0024AE96 /* EventCardView.swift */,
				A261F1062B176B4C0024AE96 /* EventDetailView.swift */,
				A261F1082B176B590024AE96 /* HomeView.swift */,
				A261F10A2B176B690024AE96 /* OrganizationListView.swift */,
				A261F10C2B176B790024AE96 /* OrganizationCardView.swift */,
				A261F10E2B176B8D0024AE96 /* OrganizationDetailView.swift */,
				A2C6A6EB2B17C8A900320715 /* organizationRowView.swift */,
				A2C6A6ED2B17D2AC00320715 /* EventCardHome.swift */,
				A26940012B18098900D6B58A /* QRCodeScannerView.swift */,
			);
			path = View;
			sourceTree = "<group>";
		};
		A261F0FF2B176ACD0024AE96 /* ViewModel */ = {
			isa = PBXGroup;
			children = (
				A261F1102B176BA80024AE96 /* EventViewModel.swift */,
				A261F1122B176BBC0024AE96 /* OrganizationViewModel.swift */,
			);
			path = ViewModel;
			sourceTree = "<group>";
		};
		A261F1002B176ADE0024AE96 /* Services */ = {
			isa = PBXGroup;
			children = (
				A261F1142B176BCC0024AE96 /* EventService.swift */,
				A261F1162B176BDE0024AE96 /* OrganizationService.swift */,
				A261F1182B176BF00024AE96 /* AsyncImageView.swift */,
			);
			path = Services;
			sourceTree = "<group>";
		};
		A261F1012B176AE60024AE96 /* Model */ = {
			isa = PBXGroup;
			children = (
				A261F11A2B176BFB0024AE96 /* EventModel.swift */,
				A261F11C2B176C0A0024AE96 /* OrganizationModel.swift */,
			);
			path = Model;
			sourceTree = "<group>";
		};
/* End PBXGroup section */

/* Begin PBXNativeTarget section */
		A261F0E72B1768E20024AE96 /* EcoGive */ = {
			isa = PBXNativeTarget;
			buildConfigurationList = A261F0F82B1768E20024AE96 /* Build configuration list for PBXNativeTarget "EcoGive" */;
			buildPhases = (
				A261F0E42B1768E20024AE96 /* Sources */,
				A261F0E52B1768E20024AE96 /* Frameworks */,
				A261F0E62B1768E20024AE96 /* Resources */,
			);
			buildRules = (
			);
			dependencies = (
			);
			name = EcoGive;
			packageProductDependencies = (
				A261F0FC2B176AB60024AE96 /* Alamofire */,
				A243C5252B2A52A000FFDA13 /* CodeScanner */,
				A243C5282B2A547000FFDA13 /* URLImage */,
				A243C52A2B2A547000FFDA13 /* URLImageStore */,
			);
			productName = EcoGive;
			productReference = A261F0E82B1768E20024AE96 /* EcoGive.app */;
			productType = "com.apple.product-type.application";
		};
/* End PBXNativeTarget section */

/* Begin PBXProject section */
		A261F0E02B1768E20024AE96 /* Project object */ = {
			isa = PBXProject;
			attributes = {
				BuildIndependentTargetsInParallel = 1;
				LastSwiftUpdateCheck = 1500;
				LastUpgradeCheck = 1500;
				TargetAttributes = {
					A261F0E72B1768E20024AE96 = {
						CreatedOnToolsVersion = 15.0.1;
					};
				};
			};
			buildConfigurationList = A261F0E32B1768E20024AE96 /* Build configuration list for PBXProject "EcoGive" */;
			compatibilityVersion = "Xcode 14.0";
			developmentRegion = en;
			hasScannedForEncodings = 0;
			knownRegions = (
				en,
				Base,
			);
			mainGroup = A261F0DF2B1768E20024AE96;
			packageReferences = (
				A261F0FB2B176AB60024AE96 /* XCRemoteSwiftPackageReference "Alamofire" */,
				A243C5242B2A52A000FFDA13 /* XCRemoteSwiftPackageReference "CodeScanner" */,
				A243C5272B2A547000FFDA13 /* XCRemoteSwiftPackageReference "url-image" */,
			);
			productRefGroup = A261F0E92B1768E20024AE96 /* Products */;
			projectDirPath = "";
			projectRoot = "";
			targets = (
				A261F0E72B1768E20024AE96 /* EcoGive */,
			);
		};
/* End PBXProject section */

/* Begin PBXResourcesBuildPhase section */
		A261F0E62B1768E20024AE96 /* Resources */ = {
			isa = PBXResourcesBuildPhase;
			buildActionMask = 2147483647;
			files = (
				A261F0F52B1768E20024AE96 /* Preview Assets.xcassets in Resources */,
				A261F0F22B1768E20024AE96 /* Assets.xcassets in Resources */,
			);
			runOnlyForDeploymentPostprocessing = 0;
		};
/* End PBXResourcesBuildPhase section */

/* Begin PBXSourcesBuildPhase section */
		A261F0E42B1768E20024AE96 /* Sources */ = {
			isa = PBXSourcesBuildPhase;
			buildActionMask = 2147483647;
			files = (
				A261F0EE2B1768E20024AE96 /* ContentView.swift in Sources */,
				A261F10B2B176B690024AE96 /* OrganizationListView.swift in Sources */,
				A261F1092B176B590024AE96 /* HomeView.swift in Sources */,
				A261F1112B176BA80024AE96 /* EventViewModel.swift in Sources */,
				A261F0F02B1768E20024AE96 /* Item.swift in Sources */,
				A261F10D2B176B790024AE96 /* OrganizationCardView.swift in Sources */,
				A261F1172B176BDE0024AE96 /* OrganizationService.swift in Sources */,
				A261F1072B176B4C0024AE96 /* EventDetailView.swift in Sources */,
				A261F1192B176BF00024AE96 /* AsyncImageView.swift in Sources */,
				A26940022B18098900D6B58A /* QRCodeScannerView.swift in Sources */,
				A261F1132B176BBC0024AE96 /* OrganizationViewModel.swift in Sources */,
				A261F11D2B176C0A0024AE96 /* OrganizationModel.swift in Sources */,
				A261F10F2B176B8D0024AE96 /* OrganizationDetailView.swift in Sources */,
				A2C6A6EE2B17D2AC00320715 /* EventCardHome.swift in Sources */,
				A261F0EC2B1768E20024AE96 /* EcoGiveApp.swift in Sources */,
				A261F1032B176B2C0024AE96 /* EventListView.swift in Sources */,
				A261F1152B176BCC0024AE96 /* EventService.swift in Sources */,
				A261F11B2B176BFB0024AE96 /* EventModel.swift in Sources */,
				A2C6A6EC2B17C8A900320715 /* organizationRowView.swift in Sources */,
				A261F1052B176B3C0024AE96 /* EventCardView.swift in Sources */,
			);
			runOnlyForDeploymentPostprocessing = 0;
		};
/* End PBXSourcesBuildPhase section */

/* Begin XCBuildConfiguration section */
		A261F0F62B1768E20024AE96 /* Debug */ = {
			isa = XCBuildConfiguration;
			buildSettings = {
				ALWAYS_SEARCH_USER_PATHS = NO;
				ASSETCATALOG_COMPILER_GENERATE_SWIFT_ASSET_SYMBOL_EXTENSIONS = YES;
				CLANG_ANALYZER_NONNULL = YES;
				CLANG_ANALYZER_NUMBER_OBJECT_CONVERSION = YES_AGGRESSIVE;
				CLANG_CXX_LANGUAGE_STANDARD = "gnu++20";
				CLANG_ENABLE_MODULES = YES;
				CLANG_ENABLE_OBJC_ARC = YES;
				CLANG_ENABLE_OBJC_WEAK = YES;
				CLANG_WARN_BLOCK_CAPTURE_AUTORELEASING = YES;
				CLANG_WARN_BOOL_CONVERSION = YES;
				CLANG_WARN_COMMA = YES;
				CLANG_WARN_CONSTANT_CONVERSION = YES;
				CLANG_WARN_DEPRECATED_OBJC_IMPLEMENTATIONS = YES;
				CLANG_WARN_DIRECT_OBJC_ISA_USAGE = YES_ERROR;
				CLANG_WARN_DOCUMENTATION_COMMENTS = YES;
				CLANG_WARN_EMPTY_BODY = YES;
				CLANG_WARN_ENUM_CONVERSION = YES;
				CLANG_WARN_INFINITE_RECURSION = YES;
				CLANG_WARN_INT_CONVERSION = YES;
				CLANG_WARN_NON_LITERAL_NULL_CONVERSION = YES;
				CLANG_WARN_OBJC_IMPLICIT_RETAIN_SELF = YES;
				CLANG_WARN_OBJC_LITERAL_CONVERSION = YES;
				CLANG_WARN_OBJC_ROOT_CLASS = YES_ERROR;
				CLANG_WARN_QUOTED_INCLUDE_IN_FRAMEWORK_HEADER = YES;
				CLANG_WARN_RANGE_LOOP_ANALYSIS = YES;
				CLANG_WARN_STRICT_PROTOTYPES = YES;
				CLANG_WARN_SUSPICIOUS_MOVE = YES;
				CLANG_WARN_UNGUARDED_AVAILABILITY = YES_AGGRESSIVE;
				CLANG_WARN_UNREACHABLE_CODE = YES;
				CLANG_WARN__DUPLICATE_METHOD_MATCH = YES;
				COPY_PHASE_STRIP = NO;
				DEBUG_INFORMATION_FORMAT = dwarf;
				ENABLE_STRICT_OBJC_MSGSEND = YES;
				ENABLE_TESTABILITY = YES;
				ENABLE_USER_SCRIPT_SANDBOXING = YES;
				GCC_C_LANGUAGE_STANDARD = gnu17;
				GCC_DYNAMIC_NO_PIC = NO;
				GCC_NO_COMMON_BLOCKS = YES;
				GCC_OPTIMIZATION_LEVEL = 0;
				GCC_PREPROCESSOR_DEFINITIONS = (
					"DEBUG=1",
					"$(inherited)",
				);
				GCC_WARN_64_TO_32_BIT_CONVERSION = YES;
				GCC_WARN_ABOUT_RETURN_TYPE = YES_ERROR;
				GCC_WARN_UNDECLARED_SELECTOR = YES;
				GCC_WARN_UNINITIALIZED_AUTOS = YES_AGGRESSIVE;
				GCC_WARN_UNUSED_FUNCTION = YES;
				GCC_WARN_UNUSED_VARIABLE = YES;
				IPHONEOS_DEPLOYMENT_TARGET = 17.0;
				LOCALIZATION_PREFERS_STRING_CATALOGS = YES;
				MTL_ENABLE_DEBUG_INFO = INCLUDE_SOURCE;
				MTL_FAST_MATH = YES;
				ONLY_ACTIVE_ARCH = YES;
				SDKROOT = iphoneos;
				SWIFT_ACTIVE_COMPILATION_CONDITIONS = "DEBUG $(inherited)";
				SWIFT_OPTIMIZATION_LEVEL = "-Onone";
			};
			name = Debug;
		};
		A261F0F72B1768E20024AE96 /* Release */ = {
			isa = XCBuildConfiguration;
			buildSettings = {
				ALWAYS_SEARCH_USER_PATHS = NO;
				ASSETCATALOG_COMPILER_GENERATE_SWIFT_ASSET_SYMBOL_EXTENSIONS = YES;
				CLANG_ANALYZER_NONNULL = YES;
				CLANG_ANALYZER_NUMBER_OBJECT_CONVERSION = YES_AGGRESSIVE;
				CLANG_CXX_LANGUAGE_STANDARD = "gnu++20";
				CLANG_ENABLE_MODULES = YES;
				CLANG_ENABLE_OBJC_ARC = YES;
				CLANG_ENABLE_OBJC_WEAK = YES;
				CLANG_WARN_BLOCK_CAPTURE_AUTORELEASING = YES;
				CLANG_WARN_BOOL_CONVERSION = YES;
				CLANG_WARN_COMMA = YES;
				CLANG_WARN_CONSTANT_CONVERSION = YES;
				CLANG_WARN_DEPRECATED_OBJC_IMPLEMENTATIONS = YES;
				CLANG_WARN_DIRECT_OBJC_ISA_USAGE = YES_ERROR;
				CLANG_WARN_DOCUMENTATION_COMMENTS = YES;
				CLANG_WARN_EMPTY_BODY = YES;
				CLANG_WARN_ENUM_CONVERSION = YES;
				CLANG_WARN_INFINITE_RECURSION = YES;
				CLANG_WARN_INT_CONVERSION = YES;
				CLANG_WARN_NON_LITERAL_NULL_CONVERSION = YES;
				CLANG_WARN_OBJC_IMPLICIT_RETAIN_SELF = YES;
				CLANG_WARN_OBJC_LITERAL_CONVERSION = YES;
				CLANG_WARN_OBJC_ROOT_CLASS = YES_ERROR;
				CLANG_WARN_QUOTED_INCLUDE_IN_FRAMEWORK_HEADER = YES;
				CLANG_WARN_RANGE_LOOP_ANALYSIS = YES;
				CLANG_WARN_STRICT_PROTOTYPES = YES;
				CLANG_WARN_SUSPICIOUS_MOVE = YES;
				CLANG_WARN_UNGUARDED_AVAILABILITY = YES_AGGRESSIVE;
				CLANG_WARN_UNREACHABLE_CODE = YES;
				CLANG_WARN__DUPLICATE_METHOD_MATCH = YES;
				COPY_PHASE_STRIP = NO;
				DEBUG_INFORMATION_FORMAT = "dwarf-with-dsym";
				ENABLE_NS_ASSERTIONS = NO;
				ENABLE_STRICT_OBJC_MSGSEND = YES;
				ENABLE_USER_SCRIPT_SANDBOXING = YES;
				GCC_C_LANGUAGE_STANDARD = gnu17;
				GCC_NO_COMMON_BLOCKS = YES;
				GCC_WARN_64_TO_32_BIT_CONVERSION = YES;
				GCC_WARN_ABOUT_RETURN_TYPE = YES_ERROR;
				GCC_WARN_UNDECLARED_SELECTOR = YES;
				GCC_WARN_UNINITIALIZED_AUTOS = YES_AGGRESSIVE;
				GCC_WARN_UNUSED_FUNCTION = YES;
				GCC_WARN_UNUSED_VARIABLE = YES;
				IPHONEOS_DEPLOYMENT_TARGET = 17.0;
				LOCALIZATION_PREFERS_STRING_CATALOGS = YES;
				MTL_ENABLE_DEBUG_INFO = NO;
				MTL_FAST_MATH = YES;
				SDKROOT = iphoneos;
				SWIFT_COMPILATION_MODE = wholemodule;
				VALIDATE_PRODUCT = YES;
			};
			name = Release;
		};
		A261F0F92B1768E20024AE96 /* Debug */ = {
			isa = XCBuildConfiguration;
			buildSettings = {
				ASSETCATALOG_COMPILER_APPICON_NAME = AppIcon;
				ASSETCATALOG_COMPILER_GLOBAL_ACCENT_COLOR_NAME = AccentColor;
				CODE_SIGN_STYLE = Automatic;
				CURRENT_PROJECT_VERSION = 1;
				DEVELOPMENT_ASSET_PATHS = "\"EcoGive/Preview Content\"";
				DEVELOPMENT_TEAM = 2JM5G466XH;
				ENABLE_PREVIEWS = YES;
				GENERATE_INFOPLIST_FILE = YES;
				INFOPLIST_KEY_NSCameraUsageDescription = "We need access to your camera to scan QR codes";
				INFOPLIST_KEY_UIApplicationSceneManifest_Generation = YES;
				INFOPLIST_KEY_UIApplicationSupportsIndirectInputEvents = YES;
				INFOPLIST_KEY_UILaunchScreen_Generation = YES;
				INFOPLIST_KEY_UISupportedInterfaceOrientations_iPad = "UIInterfaceOrientationPortrait UIInterfaceOrientationPortraitUpsideDown UIInterfaceOrientationLandscapeLeft UIInterfaceOrientationLandscapeRight";
				INFOPLIST_KEY_UISupportedInterfaceOrientations_iPhone = "UIInterfaceOrientationPortrait UIInterfaceOrientationLandscapeLeft UIInterfaceOrientationLandscapeRight";
				LD_RUNPATH_SEARCH_PATHS = (
					"$(inherited)",
					"@executable_path/Frameworks",
				);
				MARKETING_VERSION = 1.0;
				PRODUCT_BUNDLE_IDENTIFIER = oumayma.EcoGive;
				PRODUCT_NAME = "$(TARGET_NAME)";
				SWIFT_EMIT_LOC_STRINGS = YES;
				SWIFT_VERSION = 5.0;
				TARGETED_DEVICE_FAMILY = "1,2";
			};
			name = Debug;
		};
		A261F0FA2B1768E20024AE96 /* Release */ = {
			isa = XCBuildConfiguration;
			buildSettings = {
				ASSETCATALOG_COMPILER_APPICON_NAME = AppIcon;
				ASSETCATALOG_COMPILER_GLOBAL_ACCENT_COLOR_NAME = AccentColor;
				CODE_SIGN_STYLE = Automatic;
				CURRENT_PROJECT_VERSION = 1;
				DEVELOPMENT_ASSET_PATHS = "\"EcoGive/Preview Content\"";
				DEVELOPMENT_TEAM = 2JM5G466XH;
				ENABLE_PREVIEWS = YES;
				GENERATE_INFOPLIST_FILE = YES;
				INFOPLIST_KEY_NSCameraUsageDescription = "We need access to your camera to scan QR codes";
				INFOPLIST_KEY_UIApplicationSceneManifest_Generation = YES;
				INFOPLIST_KEY_UIApplicationSupportsIndirectInputEvents = YES;
				INFOPLIST_KEY_UILaunchScreen_Generation = YES;
				INFOPLIST_KEY_UISupportedInterfaceOrientations_iPad = "UIInterfaceOrientationPortrait UIInterfaceOrientationPortraitUpsideDown UIInterfaceOrientationLandscapeLeft UIInterfaceOrientationLandscapeRight";
				INFOPLIST_KEY_UISupportedInterfaceOrientations_iPhone = "UIInterfaceOrientationPortrait UIInterfaceOrientationLandscapeLeft UIInterfaceOrientationLandscapeRight";
				LD_RUNPATH_SEARCH_PATHS = (
					"$(inherited)",
					"@executable_path/Frameworks",
				);
				MARKETING_VERSION = 1.0;
				PRODUCT_BUNDLE_IDENTIFIER = oumayma.EcoGive;
				PRODUCT_NAME = "$(TARGET_NAME)";
				SWIFT_EMIT_LOC_STRINGS = YES;
				SWIFT_VERSION = 5.0;
				TARGETED_DEVICE_FAMILY = "1,2";
			};
			name = Release;
		};
/* End XCBuildConfiguration section */

/* Begin XCConfigurationList section */
		A261F0E32B1768E20024AE96 /* Build configuration list for PBXProject "EcoGive" */ = {
			isa = XCConfigurationList;
			buildConfigurations = (
				A261F0F62B1768E20024AE96 /* Debug */,
				A261F0F72B1768E20024AE96 /* Release */,
			);
			defaultConfigurationIsVisible = 0;
			defaultConfigurationName = Release;
		};
		A261F0F82B1768E20024AE96 /* Build configuration list for PBXNativeTarget "EcoGive" */ = {
			isa = XCConfigurationList;
			buildConfigurations = (
				A261F0F92B1768E20024AE96 /* Debug */,
				A261F0FA2B1768E20024AE96 /* Release */,
			);
			defaultConfigurationIsVisible = 0;
			defaultConfigurationName = Release;
		};
/* End XCConfigurationList section */

/* Begin XCRemoteSwiftPackageReference section */
		A243C5242B2A52A000FFDA13 /* XCRemoteSwiftPackageReference "CodeScanner" */ = {
			isa = XCRemoteSwiftPackageReference;
			repositoryURL = "https://github.com/twostraws/CodeScanner";
			requirement = {
				kind = upToNextMajorVersion;
				minimumVersion = 2.3.3;
			};
		};
		A243C5272B2A547000FFDA13 /* XCRemoteSwiftPackageReference "url-image" */ = {
			isa = XCRemoteSwiftPackageReference;
			repositoryURL = "https://github.com/dmytro-anokhin/url-image.git";
			requirement = {
				kind = upToNextMajorVersion;
				minimumVersion = 3.1.1;
			};
		};
		A261F0FB2B176AB60024AE96 /* XCRemoteSwiftPackageReference "Alamofire" */ = {
			isa = XCRemoteSwiftPackageReference;
			repositoryURL = "https://github.com/Alamofire/Alamofire.git";
			requirement = {
				kind = upToNextMajorVersion;
				minimumVersion = 5.8.1;
			};
		};
/* End XCRemoteSwiftPackageReference section */

/* Begin XCSwiftPackageProductDependency section */
		A243C5252B2A52A000FFDA13 /* CodeScanner */ = {
			isa = XCSwiftPackageProductDependency;
			package = A243C5242B2A52A000FFDA13 /* XCRemoteSwiftPackageReference "CodeScanner" */;
			productName = CodeScanner;
		};
		A243C5282B2A547000FFDA13 /* URLImage */ = {
			isa = XCSwiftPackageProductDependency;
			package = A243C5272B2A547000FFDA13 /* XCRemoteSwiftPackageReference "url-image" */;
			productName = URLImage;
		};
		A243C52A2B2A547000FFDA13 /* URLImageStore */ = {
			isa = XCSwiftPackageProductDependency;
			package = A243C5272B2A547000FFDA13 /* XCRemoteSwiftPackageReference "url-image" */;
			productName = URLImageStore;
		};
		A261F0FC2B176AB60024AE96 /* Alamofire */ = {
			isa = XCSwiftPackageProductDependency;
			package = A261F0FB2B176AB60024AE96 /* XCRemoteSwiftPackageReference "Alamofire" */;
			productName = Alamofire;
		};
/* End XCSwiftPackageProductDependency section */
	};
	rootObject = A261F0E02B1768E20024AE96 /* Project object */;
}
