// !$*UTF8*$!
{
	archiveVersion = 1;
	classes = {
	};
	objectVersion = 56;
	objects = {

/* Begin PBXBuildFile section */
		6DAF7AA12B17BA3200305901 /* Color.swift in Sources */ = {isa = PBXBuildFile; fileRef = 6DAF7AA02B17BA3200305901 /* Color.swift */; };
		6DAF7AA72B17BF5A00305901 /* Reward.swift in Sources */ = {isa = PBXBuildFile; fileRef = 6DAF7AA62B17BF5A00305901 /* Reward.swift */; };
		6DAF7AA92B17BFC700305901 /* ProgressGoalView.swift in Sources */ = {isa = PBXBuildFile; fileRef = 6DAF7AA82B17BFC700305901 /* ProgressGoalView.swift */; };
		6DAF7AAB2B17C20600305901 /* HealthStore.swift in Sources */ = {isa = PBXBuildFile; fileRef = 6DAF7AAA2B17C20600305901 /* HealthStore.swift */; };
		6DAF7AAD2B17C2C800305901 /* StepData.swift in Sources */ = {isa = PBXBuildFile; fileRef = 6DAF7AAC2B17C2C700305901 /* StepData.swift */; };
		6DAF7AAF2B17C33A00305901 /* DataItem.swift in Sources */ = {isa = PBXBuildFile; fileRef = 6DAF7AAE2B17C33A00305901 /* DataItem.swift */; };
		6DAF7AB12B17C37A00305901 /* DataModel.swift in Sources */ = {isa = PBXBuildFile; fileRef = 6DAF7AB02B17C37A00305901 /* DataModel.swift */; };
		6DAF7AB32B17C44D00305901 /* TopBarView.swift in Sources */ = {isa = PBXBuildFile; fileRef = 6DAF7AB22B17C44D00305901 /* TopBarView.swift */; };
		6DAF7AB52B17C72400305901 /* StatsView.swift in Sources */ = {isa = PBXBuildFile; fileRef = 6DAF7AB42B17C72400305901 /* StatsView.swift */; };
		6DAF7AB72B17C76E00305901 /* DataItemView.swift in Sources */ = {isa = PBXBuildFile; fileRef = 6DAF7AB62B17C76E00305901 /* DataItemView.swift */; };
		6DAF7AB92B17C79A00305901 /* BottomNavBar.swift in Sources */ = {isa = PBXBuildFile; fileRef = 6DAF7AB82B17C79A00305901 /* BottomNavBar.swift */; };
		A228297A2B1149C9006A9415 /* EcoGiveApp.swift in Sources */ = {isa = PBXBuildFile; fileRef = A22829792B1149C9006A9415 /* EcoGiveApp.swift */; };
		A228297C2B1149C9006A9415 /* ContentView.swift in Sources */ = {isa = PBXBuildFile; fileRef = A228297B2B1149C9006A9415 /* ContentView.swift */; };
		A228297E2B1149CA006A9415 /* Assets.xcassets in Resources */ = {isa = PBXBuildFile; fileRef = A228297D2B1149CA006A9415 /* Assets.xcassets */; };
		A22829812B1149CA006A9415 /* Preview Assets.xcassets in Resources */ = {isa = PBXBuildFile; fileRef = A22829802B1149CA006A9415 /* Preview Assets.xcassets */; };
		A22829832B1149CA006A9415 /* Persistence.swift in Sources */ = {isa = PBXBuildFile; fileRef = A22829822B1149CA006A9415 /* Persistence.swift */; };
		A22829862B1149CA006A9415 /* EcoGive.xcdatamodeld in Sources */ = {isa = PBXBuildFile; fileRef = A22829842B1149CA006A9415 /* EcoGive.xcdatamodeld */; };
/* End PBXBuildFile section */

/* Begin PBXFileReference section */
		6DAF7AA02B17BA3200305901 /* Color.swift */ = {isa = PBXFileReference; lastKnownFileType = sourcecode.swift; path = Color.swift; sourceTree = "<group>"; };
		6DAF7AA62B17BF5A00305901 /* Reward.swift */ = {isa = PBXFileReference; lastKnownFileType = sourcecode.swift; path = Reward.swift; sourceTree = "<group>"; };
		6DAF7AA82B17BFC700305901 /* ProgressGoalView.swift */ = {isa = PBXFileReference; lastKnownFileType = sourcecode.swift; path = ProgressGoalView.swift; sourceTree = "<group>"; };
		6DAF7AAA2B17C20600305901 /* HealthStore.swift */ = {isa = PBXFileReference; lastKnownFileType = sourcecode.swift; path = HealthStore.swift; sourceTree = "<group>"; };
		6DAF7AAC2B17C2C700305901 /* StepData.swift */ = {isa = PBXFileReference; lastKnownFileType = sourcecode.swift; path = StepData.swift; sourceTree = "<group>"; };
		6DAF7AAE2B17C33A00305901 /* DataItem.swift */ = {isa = PBXFileReference; lastKnownFileType = sourcecode.swift; path = DataItem.swift; sourceTree = "<group>"; };
		6DAF7AB02B17C37A00305901 /* DataModel.swift */ = {isa = PBXFileReference; lastKnownFileType = sourcecode.swift; path = DataModel.swift; sourceTree = "<group>"; };
		6DAF7AB22B17C44D00305901 /* TopBarView.swift */ = {isa = PBXFileReference; lastKnownFileType = sourcecode.swift; path = TopBarView.swift; sourceTree = "<group>"; };
		6DAF7AB42B17C72400305901 /* StatsView.swift */ = {isa = PBXFileReference; lastKnownFileType = sourcecode.swift; path = StatsView.swift; sourceTree = "<group>"; };
		6DAF7AB62B17C76E00305901 /* DataItemView.swift */ = {isa = PBXFileReference; lastKnownFileType = sourcecode.swift; path = DataItemView.swift; sourceTree = "<group>"; };
		6DAF7AB82B17C79A00305901 /* BottomNavBar.swift */ = {isa = PBXFileReference; lastKnownFileType = sourcecode.swift; path = BottomNavBar.swift; sourceTree = "<group>"; };
		A22829762B1149C9006A9415 /* EcoGive.app */ = {isa = PBXFileReference; explicitFileType = wrapper.application; includeInIndex = 0; path = EcoGive.app; sourceTree = BUILT_PRODUCTS_DIR; };
		A22829792B1149C9006A9415 /* EcoGiveApp.swift */ = {isa = PBXFileReference; lastKnownFileType = sourcecode.swift; path = EcoGiveApp.swift; sourceTree = "<group>"; };
		A228297B2B1149C9006A9415 /* ContentView.swift */ = {isa = PBXFileReference; lastKnownFileType = sourcecode.swift; path = ContentView.swift; sourceTree = "<group>"; };
		A228297D2B1149CA006A9415 /* Assets.xcassets */ = {isa = PBXFileReference; lastKnownFileType = folder.assetcatalog; path = Assets.xcassets; sourceTree = "<group>"; };
		A22829802B1149CA006A9415 /* Preview Assets.xcassets */ = {isa = PBXFileReference; lastKnownFileType = folder.assetcatalog; path = "Preview Assets.xcassets"; sourceTree = "<group>"; };
		A22829822B1149CA006A9415 /* Persistence.swift */ = {isa = PBXFileReference; lastKnownFileType = sourcecode.swift; path = Persistence.swift; sourceTree = "<group>"; };
		A22829852B1149CA006A9415 /* EcoGive.xcdatamodel */ = {isa = PBXFileReference; lastKnownFileType = wrapper.xcdatamodel; path = EcoGive.xcdatamodel; sourceTree = "<group>"; };
		A22829872B1149CA006A9415 /* EcoGive.entitlements */ = {isa = PBXFileReference; lastKnownFileType = text.plist.entitlements; path = EcoGive.entitlements; sourceTree = "<group>"; };
		A22829882B1149CA006A9415 /* Info.plist */ = {isa = PBXFileReference; lastKnownFileType = text.plist.xml; path = Info.plist; sourceTree = "<group>"; };
/* End PBXFileReference section */

/* Begin PBXFrameworksBuildPhase section */
		A22829732B1149C9006A9415 /* Frameworks */ = {
			isa = PBXFrameworksBuildPhase;
			buildActionMask = 2147483647;
			files = (
			);
			runOnlyForDeploymentPostprocessing = 0;
		};
/* End PBXFrameworksBuildPhase section */

/* Begin PBXGroup section */
		6DAF7A9F2B17B9E500305901 /* Extensions */ = {
			isa = PBXGroup;
			children = (
				6DAF7AA02B17BA3200305901 /* Color.swift */,
			);
			path = Extensions;
			sourceTree = "<group>";
		};
		6DAF7AA22B17BE9900305901 /* Services */ = {
			isa = PBXGroup;
			children = (
				6DAF7AAA2B17C20600305901 /* HealthStore.swift */,
			);
			path = Services;
			sourceTree = "<group>";
		};
		6DAF7AA32B17BEB000305901 /* ViewModel */ = {
			isa = PBXGroup;
			children = (
			);
			path = ViewModel;
			sourceTree = "<group>";
		};
		6DAF7AA42B17BECC00305901 /* Model */ = {
			isa = PBXGroup;
			children = (
				6DAF7AAC2B17C2C700305901 /* StepData.swift */,
				6DAF7AAE2B17C33A00305901 /* DataItem.swift */,
				6DAF7AB02B17C37A00305901 /* DataModel.swift */,
			);
			path = Model;
			sourceTree = "<group>";
		};
		6DAF7AA52B17BF4000305901 /* View */ = {
			isa = PBXGroup;
			children = (
				6DAF7AA62B17BF5A00305901 /* Reward.swift */,
				6DAF7AA82B17BFC700305901 /* ProgressGoalView.swift */,
				6DAF7AB22B17C44D00305901 /* TopBarView.swift */,
				6DAF7AB42B17C72400305901 /* StatsView.swift */,
				6DAF7AB62B17C76E00305901 /* DataItemView.swift */,
				6DAF7AB82B17C79A00305901 /* BottomNavBar.swift */,
			);
			path = View;
			sourceTree = "<group>";
		};
		A228296D2B1149C9006A9415 = {
			isa = PBXGroup;
			children = (
				A22829782B1149C9006A9415 /* EcoGive */,
				A22829772B1149C9006A9415 /* Products */,
			);
			sourceTree = "<group>";
		};
		A22829772B1149C9006A9415 /* Products */ = {
			isa = PBXGroup;
			children = (
				A22829762B1149C9006A9415 /* EcoGive.app */,
			);
			name = Products;
			sourceTree = "<group>";
		};
		A22829782B1149C9006A9415 /* EcoGive */ = {
			isa = PBXGroup;
			children = (
				6DAF7AA52B17BF4000305901 /* View */,
				6DAF7AA42B17BECC00305901 /* Model */,
				6DAF7AA32B17BEB000305901 /* ViewModel */,
				6DAF7AA22B17BE9900305901 /* Services */,
				6DAF7A9F2B17B9E500305901 /* Extensions */,
				A22829792B1149C9006A9415 /* EcoGiveApp.swift */,
				A228297B2B1149C9006A9415 /* ContentView.swift */,
				A228297D2B1149CA006A9415 /* Assets.xcassets */,
				A22829822B1149CA006A9415 /* Persistence.swift */,
				A22829872B1149CA006A9415 /* EcoGive.entitlements */,
				A22829882B1149CA006A9415 /* Info.plist */,
				A22829842B1149CA006A9415 /* EcoGive.xcdatamodeld */,
				A228297F2B1149CA006A9415 /* Preview Content */,
			);
			path = EcoGive;
			sourceTree = "<group>";
		};
		A228297F2B1149CA006A9415 /* Preview Content */ = {
			isa = PBXGroup;
			children = (
				A22829802B1149CA006A9415 /* Preview Assets.xcassets */,
			);
			path = "Preview Content";
			sourceTree = "<group>";
		};
/* End PBXGroup section */

/* Begin PBXNativeTarget section */
		A22829752B1149C9006A9415 /* EcoGive */ = {
			isa = PBXNativeTarget;
			buildConfigurationList = A228298B2B1149CA006A9415 /* Build configuration list for PBXNativeTarget "EcoGive" */;
			buildPhases = (
				A22829722B1149C9006A9415 /* Sources */,
				A22829732B1149C9006A9415 /* Frameworks */,
				A22829742B1149C9006A9415 /* Resources */,
			);
			buildRules = (
			);
			dependencies = (
			);
			name = EcoGive;
			productName = EcoGive;
			productReference = A22829762B1149C9006A9415 /* EcoGive.app */;
			productType = "com.apple.product-type.application";
		};
/* End PBXNativeTarget section */

/* Begin PBXProject section */
		A228296E2B1149C9006A9415 /* Project object */ = {
			isa = PBXProject;
			attributes = {
				BuildIndependentTargetsInParallel = 1;
				LastSwiftUpdateCheck = 1500;
				LastUpgradeCheck = 1500;
				TargetAttributes = {
					A22829752B1149C9006A9415 = {
						CreatedOnToolsVersion = 15.0.1;
					};
				};
			};
			buildConfigurationList = A22829712B1149C9006A9415 /* Build configuration list for PBXProject "EcoGive" */;
			compatibilityVersion = "Xcode 14.0";
			developmentRegion = en;
			hasScannedForEncodings = 0;
			knownRegions = (
				en,
				Base,
			);
			mainGroup = A228296D2B1149C9006A9415;
			productRefGroup = A22829772B1149C9006A9415 /* Products */;
			projectDirPath = "";
			projectRoot = "";
			targets = (
				A22829752B1149C9006A9415 /* EcoGive */,
			);
		};
/* End PBXProject section */

/* Begin PBXResourcesBuildPhase section */
		A22829742B1149C9006A9415 /* Resources */ = {
			isa = PBXResourcesBuildPhase;
			buildActionMask = 2147483647;
			files = (
				A22829812B1149CA006A9415 /* Preview Assets.xcassets in Resources */,
				A228297E2B1149CA006A9415 /* Assets.xcassets in Resources */,
			);
			runOnlyForDeploymentPostprocessing = 0;
		};
/* End PBXResourcesBuildPhase section */

/* Begin PBXSourcesBuildPhase section */
		A22829722B1149C9006A9415 /* Sources */ = {
			isa = PBXSourcesBuildPhase;
			buildActionMask = 2147483647;
			files = (
				6DAF7AAF2B17C33A00305901 /* DataItem.swift in Sources */,
				A22829832B1149CA006A9415 /* Persistence.swift in Sources */,
				6DAF7AB12B17C37A00305901 /* DataModel.swift in Sources */,
				6DAF7AAD2B17C2C800305901 /* StepData.swift in Sources */,
				6DAF7AAB2B17C20600305901 /* HealthStore.swift in Sources */,
				A228297C2B1149C9006A9415 /* ContentView.swift in Sources */,
				6DAF7AA92B17BFC700305901 /* ProgressGoalView.swift in Sources */,
				A22829862B1149CA006A9415 /* EcoGive.xcdatamodeld in Sources */,
				6DAF7AB92B17C79A00305901 /* BottomNavBar.swift in Sources */,
				A228297A2B1149C9006A9415 /* EcoGiveApp.swift in Sources */,
				6DAF7AB72B17C76E00305901 /* DataItemView.swift in Sources */,
				6DAF7AB52B17C72400305901 /* StatsView.swift in Sources */,
				6DAF7AA72B17BF5A00305901 /* Reward.swift in Sources */,
				6DAF7AB32B17C44D00305901 /* TopBarView.swift in Sources */,
				6DAF7AA12B17BA3200305901 /* Color.swift in Sources */,
			);
			runOnlyForDeploymentPostprocessing = 0;
		};
/* End PBXSourcesBuildPhase section */

/* Begin XCBuildConfiguration section */
		A22829892B1149CA006A9415 /* Debug */ = {
			isa = XCBuildConfiguration;
			buildSettings = {
				ALWAYS_SEARCH_USER_PATHS = NO;
				ASSETCATALOG_COMPILER_GENERATE_SWIFT_ASSET_SYMBOL_EXTENSIONS = YES;
				CLANG_ANALYZER_NONNULL = YES;
				CLANG_ANALYZER_NUMBER_OBJECT_CONVERSION = YES_AGGRESSIVE;
				CLANG_CXX_LANGUAGE_STANDARD = "gnu++20";
				CLANG_ENABLE_MODULES = YES;
				CLANG_ENABLE_OBJC_ARC = YES;
				CLANG_ENABLE_OBJC_WEAK = YES;
				CLANG_WARN_BLOCK_CAPTURE_AUTORELEASING = YES;
				CLANG_WARN_BOOL_CONVERSION = YES;
				CLANG_WARN_COMMA = YES;
				CLANG_WARN_CONSTANT_CONVERSION = YES;
				CLANG_WARN_DEPRECATED_OBJC_IMPLEMENTATIONS = YES;
				CLANG_WARN_DIRECT_OBJC_ISA_USAGE = YES_ERROR;
				CLANG_WARN_DOCUMENTATION_COMMENTS = YES;
				CLANG_WARN_EMPTY_BODY = YES;
				CLANG_WARN_ENUM_CONVERSION = YES;
				CLANG_WARN_INFINITE_RECURSION = YES;
				CLANG_WARN_INT_CONVERSION = YES;
				CLANG_WARN_NON_LITERAL_NULL_CONVERSION = YES;
				CLANG_WARN_OBJC_IMPLICIT_RETAIN_SELF = YES;
				CLANG_WARN_OBJC_LITERAL_CONVERSION = YES;
				CLANG_WARN_OBJC_ROOT_CLASS = YES_ERROR;
				CLANG_WARN_QUOTED_INCLUDE_IN_FRAMEWORK_HEADER = YES;
				CLANG_WARN_RANGE_LOOP_ANALYSIS = YES;
				CLANG_WARN_STRICT_PROTOTYPES = YES;
				CLANG_WARN_SUSPICIOUS_MOVE = YES;
				CLANG_WARN_UNGUARDED_AVAILABILITY = YES_AGGRESSIVE;
				CLANG_WARN_UNREACHABLE_CODE = YES;
				CLANG_WARN__DUPLICATE_METHOD_MATCH = YES;
				COPY_PHASE_STRIP = NO;
				DEBUG_INFORMATION_FORMAT = dwarf;
				ENABLE_STRICT_OBJC_MSGSEND = YES;
				ENABLE_TESTABILITY = YES;
				ENABLE_USER_SCRIPT_SANDBOXING = YES;
				GCC_C_LANGUAGE_STANDARD = gnu17;
				GCC_DYNAMIC_NO_PIC = NO;
				GCC_NO_COMMON_BLOCKS = YES;
				GCC_OPTIMIZATION_LEVEL = 0;
				GCC_PREPROCESSOR_DEFINITIONS = (
					"DEBUG=1",
					"$(inherited)",
				);
				GCC_WARN_64_TO_32_BIT_CONVERSION = YES;
				GCC_WARN_ABOUT_RETURN_TYPE = YES_ERROR;
				GCC_WARN_UNDECLARED_SELECTOR = YES;
				GCC_WARN_UNINITIALIZED_AUTOS = YES_AGGRESSIVE;
				GCC_WARN_UNUSED_FUNCTION = YES;
				GCC_WARN_UNUSED_VARIABLE = YES;
				IPHONEOS_DEPLOYMENT_TARGET = 17.0;
				LOCALIZATION_PREFERS_STRING_CATALOGS = YES;
				MTL_ENABLE_DEBUG_INFO = INCLUDE_SOURCE;
				MTL_FAST_MATH = YES;
				ONLY_ACTIVE_ARCH = YES;
				SDKROOT = iphoneos;
				SWIFT_ACTIVE_COMPILATION_CONDITIONS = "DEBUG $(inherited)";
				SWIFT_OPTIMIZATION_LEVEL = "-Onone";
			};
			name = Debug;
		};
		A228298A2B1149CA006A9415 /* Release */ = {
			isa = XCBuildConfiguration;
			buildSettings = {
				ALWAYS_SEARCH_USER_PATHS = NO;
				ASSETCATALOG_COMPILER_GENERATE_SWIFT_ASSET_SYMBOL_EXTENSIONS = YES;
				CLANG_ANALYZER_NONNULL = YES;
				CLANG_ANALYZER_NUMBER_OBJECT_CONVERSION = YES_AGGRESSIVE;
				CLANG_CXX_LANGUAGE_STANDARD = "gnu++20";
				CLANG_ENABLE_MODULES = YES;
				CLANG_ENABLE_OBJC_ARC = YES;
				CLANG_ENABLE_OBJC_WEAK = YES;
				CLANG_WARN_BLOCK_CAPTURE_AUTORELEASING = YES;
				CLANG_WARN_BOOL_CONVERSION = YES;
				CLANG_WARN_COMMA = YES;
				CLANG_WARN_CONSTANT_CONVERSION = YES;
				CLANG_WARN_DEPRECATED_OBJC_IMPLEMENTATIONS = YES;
				CLANG_WARN_DIRECT_OBJC_ISA_USAGE = YES_ERROR;
				CLANG_WARN_DOCUMENTATION_COMMENTS = YES;
				CLANG_WARN_EMPTY_BODY = YES;
				CLANG_WARN_ENUM_CONVERSION = YES;
				CLANG_WARN_INFINITE_RECURSION = YES;
				CLANG_WARN_INT_CONVERSION = YES;
				CLANG_WARN_NON_LITERAL_NULL_CONVERSION = YES;
				CLANG_WARN_OBJC_IMPLICIT_RETAIN_SELF = YES;
				CLANG_WARN_OBJC_LITERAL_CONVERSION = YES;
				CLANG_WARN_OBJC_ROOT_CLASS = YES_ERROR;
				CLANG_WARN_QUOTED_INCLUDE_IN_FRAMEWORK_HEADER = YES;
				CLANG_WARN_RANGE_LOOP_ANALYSIS = YES;
				CLANG_WARN_STRICT_PROTOTYPES = YES;
				CLANG_WARN_SUSPICIOUS_MOVE = YES;
				CLANG_WARN_UNGUARDED_AVAILABILITY = YES_AGGRESSIVE;
				CLANG_WARN_UNREACHABLE_CODE = YES;
				CLANG_WARN__DUPLICATE_METHOD_MATCH = YES;
				COPY_PHASE_STRIP = NO;
				DEBUG_INFORMATION_FORMAT = "dwarf-with-dsym";
				ENABLE_NS_ASSERTIONS = NO;
				ENABLE_STRICT_OBJC_MSGSEND = YES;
				ENABLE_USER_SCRIPT_SANDBOXING = YES;
				GCC_C_LANGUAGE_STANDARD = gnu17;
				GCC_NO_COMMON_BLOCKS = YES;
				GCC_WARN_64_TO_32_BIT_CONVERSION = YES;
				GCC_WARN_ABOUT_RETURN_TYPE = YES_ERROR;
				GCC_WARN_UNDECLARED_SELECTOR = YES;
				GCC_WARN_UNINITIALIZED_AUTOS = YES_AGGRESSIVE;
				GCC_WARN_UNUSED_FUNCTION = YES;
				GCC_WARN_UNUSED_VARIABLE = YES;
				IPHONEOS_DEPLOYMENT_TARGET = 17.0;
				LOCALIZATION_PREFERS_STRING_CATALOGS = YES;
				MTL_ENABLE_DEBUG_INFO = NO;
				MTL_FAST_MATH = YES;
				SDKROOT = iphoneos;
				SWIFT_COMPILATION_MODE = wholemodule;
				VALIDATE_PRODUCT = YES;
			};
			name = Release;
		};
		A228298C2B1149CA006A9415 /* Debug */ = {
			isa = XCBuildConfiguration;
			buildSettings = {
				ASSETCATALOG_COMPILER_APPICON_NAME = AppIcon;
				ASSETCATALOG_COMPILER_GLOBAL_ACCENT_COLOR_NAME = AccentColor;
				CODE_SIGN_ENTITLEMENTS = EcoGive/EcoGive.entitlements;
				CODE_SIGN_STYLE = Automatic;
				CURRENT_PROJECT_VERSION = 1;
				DEVELOPMENT_ASSET_PATHS = "\"EcoGive/Preview Content\"";
				DEVELOPMENT_TEAM = DT48676AYG;
				ENABLE_PREVIEWS = YES;
				GENERATE_INFOPLIST_FILE = YES;
				INFOPLIST_FILE = EcoGive/Info.plist;
				INFOPLIST_KEY_NSHealthShareUsageDescription = "this app requires perm";
				INFOPLIST_KEY_NSHealthUpdateUsageDescription = "this app requires perm";
				INFOPLIST_KEY_UIApplicationSceneManifest_Generation = YES;
				INFOPLIST_KEY_UIApplicationSupportsIndirectInputEvents = YES;
				INFOPLIST_KEY_UILaunchScreen_Generation = YES;
				INFOPLIST_KEY_UISupportedInterfaceOrientations_iPad = "UIInterfaceOrientationPortrait UIInterfaceOrientationPortraitUpsideDown UIInterfaceOrientationLandscapeLeft UIInterfaceOrientationLandscapeRight";
				INFOPLIST_KEY_UISupportedInterfaceOrientations_iPhone = "UIInterfaceOrientationPortrait UIInterfaceOrientationLandscapeLeft UIInterfaceOrientationLandscapeRight";
				LD_RUNPATH_SEARCH_PATHS = (
					"$(inherited)",
					"@executable_path/Frameworks",
				);
				MARKETING_VERSION = 1.0;
				PRODUCT_BUNDLE_IDENTIFIER = tn.esprit.EcoGive;
				PRODUCT_NAME = "$(TARGET_NAME)";
				SWIFT_EMIT_LOC_STRINGS = YES;
				SWIFT_VERSION = 5.0;
				TARGETED_DEVICE_FAMILY = "1,2";
			};
			name = Debug;
		};
		A228298D2B1149CA006A9415 /* Release */ = {
			isa = XCBuildConfiguration;
			buildSettings = {
				ASSETCATALOG_COMPILER_APPICON_NAME = AppIcon;
				ASSETCATALOG_COMPILER_GLOBAL_ACCENT_COLOR_NAME = AccentColor;
				CODE_SIGN_ENTITLEMENTS = EcoGive/EcoGive.entitlements;
				CODE_SIGN_STYLE = Automatic;
				CURRENT_PROJECT_VERSION = 1;
				DEVELOPMENT_ASSET_PATHS = "\"EcoGive/Preview Content\"";
				DEVELOPMENT_TEAM = DT48676AYG;
				ENABLE_PREVIEWS = YES;
				GENERATE_INFOPLIST_FILE = YES;
				INFOPLIST_FILE = EcoGive/Info.plist;
				INFOPLIST_KEY_NSHealthShareUsageDescription = "this app requires perm";
				INFOPLIST_KEY_NSHealthUpdateUsageDescription = "this app requires perm";
				INFOPLIST_KEY_UIApplicationSceneManifest_Generation = YES;
				INFOPLIST_KEY_UIApplicationSupportsIndirectInputEvents = YES;
				INFOPLIST_KEY_UILaunchScreen_Generation = YES;
				INFOPLIST_KEY_UISupportedInterfaceOrientations_iPad = "UIInterfaceOrientationPortrait UIInterfaceOrientationPortraitUpsideDown UIInterfaceOrientationLandscapeLeft UIInterfaceOrientationLandscapeRight";
				INFOPLIST_KEY_UISupportedInterfaceOrientations_iPhone = "UIInterfaceOrientationPortrait UIInterfaceOrientationLandscapeLeft UIInterfaceOrientationLandscapeRight";
				LD_RUNPATH_SEARCH_PATHS = (
					"$(inherited)",
					"@executable_path/Frameworks",
				);
				MARKETING_VERSION = 1.0;
				PRODUCT_BUNDLE_IDENTIFIER = tn.esprit.EcoGive;
				PRODUCT_NAME = "$(TARGET_NAME)";
				SWIFT_EMIT_LOC_STRINGS = YES;
				SWIFT_VERSION = 5.0;
				TARGETED_DEVICE_FAMILY = "1,2";
			};
			name = Release;
		};
/* End XCBuildConfiguration section */

/* Begin XCConfigurationList section */
		A22829712B1149C9006A9415 /* Build configuration list for PBXProject "EcoGive" */ = {
			isa = XCConfigurationList;
			buildConfigurations = (
				A22829892B1149CA006A9415 /* Debug */,
				A228298A2B1149CA006A9415 /* Release */,
			);
			defaultConfigurationIsVisible = 0;
			defaultConfigurationName = Release;
		};
		A228298B2B1149CA006A9415 /* Build configuration list for PBXNativeTarget "EcoGive" */ = {
			isa = XCConfigurationList;
			buildConfigurations = (
				A228298C2B1149CA006A9415 /* Debug */,
				A228298D2B1149CA006A9415 /* Release */,
			);
			defaultConfigurationIsVisible = 0;
			defaultConfigurationName = Release;
		};
/* End XCConfigurationList section */

/* Begin XCVersionGroup section */
		A22829842B1149CA006A9415 /* EcoGive.xcdatamodeld */ = {
			isa = XCVersionGroup;
			children = (
				A22829852B1149CA006A9415 /* EcoGive.xcdatamodel */,
			);
			currentVersion = A22829852B1149CA006A9415 /* EcoGive.xcdatamodel */;
			path = EcoGive.xcdatamodeld;
			sourceTree = "<group>";
			versionGroupType = wrapper.xcdatamodel;
		};
/* End XCVersionGroup section */
	};
	rootObject = A228296E2B1149C9006A9415 /* Project object */;
}
