// !$*UTF8*$!
{
	archiveVersion = 1;
	classes = {
	};
	objectVersion = 56;
	objects = {

/* Begin PBXBuildFile section */
		A228297A2B1149C9006A9415 /* EcoGiveApp.swift in Sources */ = {isa = PBXBuildFile; fileRef = A22829792B1149C9006A9415 /* EcoGiveApp.swift */; };
		A228297C2B1149C9006A9415 /* ContentView.swift in Sources */ = {isa = PBXBuildFile; fileRef = A228297B2B1149C9006A9415 /* ContentView.swift */; };
		A228297E2B1149CA006A9415 /* Assets.xcassets in Resources */ = {isa = PBXBuildFile; fileRef = A228297D2B1149CA006A9415 /* Assets.xcassets */; };
		A22829812B1149CA006A9415 /* Preview Assets.xcassets in Resources */ = {isa = PBXBuildFile; fileRef = A22829802B1149CA006A9415 /* Preview Assets.xcassets */; };
		A22829832B1149CA006A9415 /* Persistence.swift in Sources */ = {isa = PBXBuildFile; fileRef = A22829822B1149CA006A9415 /* Persistence.swift */; };
		A22829862B1149CA006A9415 /* EcoGive.xcdatamodeld in Sources */ = {isa = PBXBuildFile; fileRef = A22829842B1149CA006A9415 /* EcoGive.xcdatamodeld */; };
<<<<<<< HEAD
=======
		A2830F2A2B139C5300120871 /* Network.swift in Sources */ = {isa = PBXBuildFile; fileRef = A2830F292B139C5300120871 /* Network.swift */; };
		A2830F2C2B139C6C00120871 /* Event.swift in Sources */ = {isa = PBXBuildFile; fileRef = A2830F2B2B139C6C00120871 /* Event.swift */; };
		A2830F2E2B139C7E00120871 /* test.swift in Sources */ = {isa = PBXBuildFile; fileRef = A2830F2D2B139C7E00120871 /* test.swift */; };
		A2830F302B139C8900120871 /* test.swift in Sources */ = {isa = PBXBuildFile; fileRef = A2830F2F2B139C8900120871 /* test.swift */; };
>>>>>>> parent of c207951 (0.2)
/* End PBXBuildFile section */

/* Begin PBXFileReference section */
		A22829762B1149C9006A9415 /* EcoGive.app */ = {isa = PBXFileReference; explicitFileType = wrapper.application; includeInIndex = 0; path = EcoGive.app; sourceTree = BUILT_PRODUCTS_DIR; };
		A22829792B1149C9006A9415 /* EcoGiveApp.swift */ = {isa = PBXFileReference; lastKnownFileType = sourcecode.swift; path = EcoGiveApp.swift; sourceTree = "<group>"; };
		A228297B2B1149C9006A9415 /* ContentView.swift */ = {isa = PBXFileReference; lastKnownFileType = sourcecode.swift; path = ContentView.swift; sourceTree = "<group>"; };
		A228297D2B1149CA006A9415 /* Assets.xcassets */ = {isa = PBXFileReference; lastKnownFileType = folder.assetcatalog; path = Assets.xcassets; sourceTree = "<group>"; };
		A22829802B1149CA006A9415 /* Preview Assets.xcassets */ = {isa = PBXFileReference; lastKnownFileType = folder.assetcatalog; path = "Preview Assets.xcassets"; sourceTree = "<group>"; };
		A22829822B1149CA006A9415 /* Persistence.swift */ = {isa = PBXFileReference; lastKnownFileType = sourcecode.swift; path = Persistence.swift; sourceTree = "<group>"; };
		A22829852B1149CA006A9415 /* EcoGive.xcdatamodel */ = {isa = PBXFileReference; lastKnownFileType = wrapper.xcdatamodel; path = EcoGive.xcdatamodel; sourceTree = "<group>"; };
		A22829872B1149CA006A9415 /* EcoGive.entitlements */ = {isa = PBXFileReference; lastKnownFileType = text.plist.entitlements; path = EcoGive.entitlements; sourceTree = "<group>"; };
		A22829882B1149CA006A9415 /* Info.plist */ = {isa = PBXFileReference; lastKnownFileType = text.plist.xml; path = Info.plist; sourceTree = "<group>"; };
<<<<<<< HEAD
=======
		A2830F292B139C5300120871 /* Network.swift */ = {isa = PBXFileReference; lastKnownFileType = sourcecode.swift; path = Network.swift; sourceTree = "<group>"; };
		A2830F2B2B139C6C00120871 /* Event.swift */ = {isa = PBXFileReference; lastKnownFileType = sourcecode.swift; path = Event.swift; sourceTree = "<group>"; };
		A2830F2D2B139C7E00120871 /* test.swift */ = {isa = PBXFileReference; lastKnownFileType = sourcecode.swift; path = test.swift; sourceTree = "<group>"; };
		A2830F2F2B139C8900120871 /* test.swift */ = {isa = PBXFileReference; lastKnownFileType = sourcecode.swift; path = test.swift; sourceTree = "<group>"; };
>>>>>>> parent of c207951 (0.2)
/* End PBXFileReference section */

/* Begin PBXFrameworksBuildPhase section */
		A22829732B1149C9006A9415 /* Frameworks */ = {
			isa = PBXFrameworksBuildPhase;
			buildActionMask = 2147483647;
			files = (
			);
			runOnlyForDeploymentPostprocessing = 0;
		};
/* End PBXFrameworksBuildPhase section */

/* Begin PBXGroup section */
		A228296D2B1149C9006A9415 = {
			isa = PBXGroup;
			children = (
				A22829782B1149C9006A9415 /* EcoGive */,
				A22829772B1149C9006A9415 /* Products */,
			);
			sourceTree = "<group>";
		};
		A22829772B1149C9006A9415 /* Products */ = {
			isa = PBXGroup;
			children = (
				A22829762B1149C9006A9415 /* EcoGive.app */,
			);
			name = Products;
			sourceTree = "<group>";
		};
		A22829782B1149C9006A9415 /* EcoGive */ = {
			isa = PBXGroup;
			children = (
				A22829792B1149C9006A9415 /* EcoGiveApp.swift */,
				A228297B2B1149C9006A9415 /* ContentView.swift */,
				A228297D2B1149CA006A9415 /* Assets.xcassets */,
				A22829822B1149CA006A9415 /* Persistence.swift */,
				A22829872B1149CA006A9415 /* EcoGive.entitlements */,
				A22829882B1149CA006A9415 /* Info.plist */,
				A22829842B1149CA006A9415 /* EcoGive.xcdatamodeld */,
				A228297F2B1149CA006A9415 /* Preview Content */,
			);
			path = EcoGive;
			sourceTree = "<group>";
		};
		A228297F2B1149CA006A9415 /* Preview Content */ = {
			isa = PBXGroup;
			children = (
				A22829802B1149CA006A9415 /* Preview Assets.xcassets */,
			);
			path = "Preview Content";
			sourceTree = "<group>";
		};
<<<<<<< HEAD
=======
		A2830F222B139B2B00120871 /* ViewModel */ = {
			isa = PBXGroup;
			children = (
				A2830F2D2B139C7E00120871 /* test.swift */,
			);
			path = ViewModel;
			sourceTree = "<group>";
		};
		A2830F262B139C1100120871 /* Model */ = {
			isa = PBXGroup;
			children = (
				A2830F2B2B139C6C00120871 /* Event.swift */,
			);
			path = Model;
			sourceTree = "<group>";
		};
		A2830F272B139C2300120871 /* View */ = {
			isa = PBXGroup;
			children = (
				A2830F2F2B139C8900120871 /* test.swift */,
			);
			path = View;
			sourceTree = "<group>";
		};
		A2830F282B139C3100120871 /* Services */ = {
			isa = PBXGroup;
			children = (
				A2830F292B139C5300120871 /* Network.swift */,
			);
			path = Services;
			sourceTree = "<group>";
		};
>>>>>>> parent of c207951 (0.2)
/* End PBXGroup section */

/* Begin PBXNativeTarget section */
		A22829752B1149C9006A9415 /* EcoGive */ = {
			isa = PBXNativeTarget;
			buildConfigurationList = A228298B2B1149CA006A9415 /* Build configuration list for PBXNativeTarget "EcoGive" */;
			buildPhases = (
				A22829722B1149C9006A9415 /* Sources */,
				A22829732B1149C9006A9415 /* Frameworks */,
				A22829742B1149C9006A9415 /* Resources */,
			);
			buildRules = (
			);
			dependencies = (
			);
			name = EcoGive;
			productName = EcoGive;
			productReference = A22829762B1149C9006A9415 /* EcoGive.app */;
			productType = "com.apple.product-type.application";
		};
/* End PBXNativeTarget section */

/* Begin PBXProject section */
		A228296E2B1149C9006A9415 /* Project object */ = {
			isa = PBXProject;
			attributes = {
				BuildIndependentTargetsInParallel = 1;
				LastSwiftUpdateCheck = 1500;
				LastUpgradeCheck = 1500;
				TargetAttributes = {
					A22829752B1149C9006A9415 = {
						CreatedOnToolsVersion = 15.0.1;
					};
				};
			};
			buildConfigurationList = A22829712B1149C9006A9415 /* Build configuration list for PBXProject "EcoGive" */;
			compatibilityVersion = "Xcode 14.0";
			developmentRegion = en;
			hasScannedForEncodings = 0;
			knownRegions = (
				en,
				Base,
			);
			mainGroup = A228296D2B1149C9006A9415;
			productRefGroup = A22829772B1149C9006A9415 /* Products */;
			projectDirPath = "";
			projectRoot = "";
			targets = (
				A22829752B1149C9006A9415 /* EcoGive */,
			);
		};
/* End PBXProject section */

/* Begin PBXResourcesBuildPhase section */
		A22829742B1149C9006A9415 /* Resources */ = {
			isa = PBXResourcesBuildPhase;
			buildActionMask = 2147483647;
			files = (
				A22829812B1149CA006A9415 /* Preview Assets.xcassets in Resources */,
				A228297E2B1149CA006A9415 /* Assets.xcassets in Resources */,
			);
			runOnlyForDeploymentPostprocessing = 0;
		};
/* End PBXResourcesBuildPhase section */

/* Begin PBXSourcesBuildPhase section */
		A22829722B1149C9006A9415 /* Sources */ = {
			isa = PBXSourcesBuildPhase;
			buildActionMask = 2147483647;
			files = (
<<<<<<< HEAD
				A22829832B1149CA006A9415 /* Persistence.swift in Sources */,
				A228297C2B1149C9006A9415 /* ContentView.swift in Sources */,
				A22829862B1149CA006A9415 /* EcoGive.xcdatamodeld in Sources */,
				A228297A2B1149C9006A9415 /* EcoGiveApp.swift in Sources */,
=======
				A2830F2A2B139C5300120871 /* Network.swift in Sources */,
				A22829832B1149CA006A9415 /* Persistence.swift in Sources */,
				A228297C2B1149C9006A9415 /* ContentView.swift in Sources */,
				A22829862B1149CA006A9415 /* EcoGive.xcdatamodeld in Sources */,
				A2830F2C2B139C6C00120871 /* Event.swift in Sources */,
				A2830F302B139C8900120871 /* test.swift in Sources */,
				A228297A2B1149C9006A9415 /* EcoGiveApp.swift in Sources */,
				A2830F2E2B139C7E00120871 /* test.swift in Sources */,
>>>>>>> parent of c207951 (0.2)
			);
			runOnlyForDeploymentPostprocessing = 0;
		};
/* End PBXSourcesBuildPhase section */

/* Begin XCBuildConfiguration section */
		A22829892B1149CA006A9415 /* Debug */ = {
			isa = XCBuildConfiguration;
			buildSettings = {
				ALWAYS_SEARCH_USER_PATHS = NO;
				ASSETCATALOG_COMPILER_GENERATE_SWIFT_ASSET_SYMBOL_EXTENSIONS = YES;
				CLANG_ANALYZER_NONNULL = YES;
				CLANG_ANALYZER_NUMBER_OBJECT_CONVERSION = YES_AGGRESSIVE;
				CLANG_CXX_LANGUAGE_STANDARD = "gnu++20";
				CLANG_ENABLE_MODULES = YES;
				CLANG_ENABLE_OBJC_ARC = YES;
				CLANG_ENABLE_OBJC_WEAK = YES;
				CLANG_WARN_BLOCK_CAPTURE_AUTORELEASING = YES;
				CLANG_WARN_BOOL_CONVERSION = YES;
				CLANG_WARN_COMMA = YES;
				CLANG_WARN_CONSTANT_CONVERSION = YES;
				CLANG_WARN_DEPRECATED_OBJC_IMPLEMENTATIONS = YES;
				CLANG_WARN_DIRECT_OBJC_ISA_USAGE = YES_ERROR;
				CLANG_WARN_DOCUMENTATION_COMMENTS = YES;
				CLANG_WARN_EMPTY_BODY = YES;
				CLANG_WARN_ENUM_CONVERSION = YES;
				CLANG_WARN_INFINITE_RECURSION = YES;
				CLANG_WARN_INT_CONVERSION = YES;
				CLANG_WARN_NON_LITERAL_NULL_CONVERSION = YES;
				CLANG_WARN_OBJC_IMPLICIT_RETAIN_SELF = YES;
				CLANG_WARN_OBJC_LITERAL_CONVERSION = YES;
				CLANG_WARN_OBJC_ROOT_CLASS = YES_ERROR;
				CLANG_WARN_QUOTED_INCLUDE_IN_FRAMEWORK_HEADER = YES;
				CLANG_WARN_RANGE_LOOP_ANALYSIS = YES;
				CLANG_WARN_STRICT_PROTOTYPES = YES;
				CLANG_WARN_SUSPICIOUS_MOVE = YES;
				CLANG_WARN_UNGUARDED_AVAILABILITY = YES_AGGRESSIVE;
				CLANG_WARN_UNREACHABLE_CODE = YES;
				CLANG_WARN__DUPLICATE_METHOD_MATCH = YES;
				COPY_PHASE_STRIP = NO;
				DEBUG_INFORMATION_FORMAT = dwarf;
				ENABLE_STRICT_OBJC_MSGSEND = YES;
				ENABLE_TESTABILITY = YES;
				ENABLE_USER_SCRIPT_SANDBOXING = YES;
				GCC_C_LANGUAGE_STANDARD = gnu17;
				GCC_DYNAMIC_NO_PIC = NO;
				GCC_NO_COMMON_BLOCKS = YES;
				GCC_OPTIMIZATION_LEVEL = 0;
				GCC_PREPROCESSOR_DEFINITIONS = (
					"DEBUG=1",
					"$(inherited)",
				);
				GCC_WARN_64_TO_32_BIT_CONVERSION = YES;
				GCC_WARN_ABOUT_RETURN_TYPE = YES_ERROR;
				GCC_WARN_UNDECLARED_SELECTOR = YES;
				GCC_WARN_UNINITIALIZED_AUTOS = YES_AGGRESSIVE;
				GCC_WARN_UNUSED_FUNCTION = YES;
				GCC_WARN_UNUSED_VARIABLE = YES;
				IPHONEOS_DEPLOYMENT_TARGET = 17.0;
				LOCALIZATION_PREFERS_STRING_CATALOGS = YES;
				MTL_ENABLE_DEBUG_INFO = INCLUDE_SOURCE;
				MTL_FAST_MATH = YES;
				ONLY_ACTIVE_ARCH = YES;
				SDKROOT = iphoneos;
				SWIFT_ACTIVE_COMPILATION_CONDITIONS = "DEBUG $(inherited)";
				SWIFT_OPTIMIZATION_LEVEL = "-Onone";
			};
			name = Debug;
		};
		A228298A2B1149CA006A9415 /* Release */ = {
			isa = XCBuildConfiguration;
			buildSettings = {
				ALWAYS_SEARCH_USER_PATHS = NO;
				ASSETCATALOG_COMPILER_GENERATE_SWIFT_ASSET_SYMBOL_EXTENSIONS = YES;
				CLANG_ANALYZER_NONNULL = YES;
				CLANG_ANALYZER_NUMBER_OBJECT_CONVERSION = YES_AGGRESSIVE;
				CLANG_CXX_LANGUAGE_STANDARD = "gnu++20";
				CLANG_ENABLE_MODULES = YES;
				CLANG_ENABLE_OBJC_ARC = YES;
				CLANG_ENABLE_OBJC_WEAK = YES;
				CLANG_WARN_BLOCK_CAPTURE_AUTORELEASING = YES;
				CLANG_WARN_BOOL_CONVERSION = YES;
				CLANG_WARN_COMMA = YES;
				CLANG_WARN_CONSTANT_CONVERSION = YES;
				CLANG_WARN_DEPRECATED_OBJC_IMPLEMENTATIONS = YES;
				CLANG_WARN_DIRECT_OBJC_ISA_USAGE = YES_ERROR;
				CLANG_WARN_DOCUMENTATION_COMMENTS = YES;
				CLANG_WARN_EMPTY_BODY = YES;
				CLANG_WARN_ENUM_CONVERSION = YES;
				CLANG_WARN_INFINITE_RECURSION = YES;
				CLANG_WARN_INT_CONVERSION = YES;
				CLANG_WARN_NON_LITERAL_NULL_CONVERSION = YES;
				CLANG_WARN_OBJC_IMPLICIT_RETAIN_SELF = YES;
				CLANG_WARN_OBJC_LITERAL_CONVERSION = YES;
				CLANG_WARN_OBJC_ROOT_CLASS = YES_ERROR;
				CLANG_WARN_QUOTED_INCLUDE_IN_FRAMEWORK_HEADER = YES;
				CLANG_WARN_RANGE_LOOP_ANALYSIS = YES;
				CLANG_WARN_STRICT_PROTOTYPES = YES;
				CLANG_WARN_SUSPICIOUS_MOVE = YES;
				CLANG_WARN_UNGUARDED_AVAILABILITY = YES_AGGRESSIVE;
				CLANG_WARN_UNREACHABLE_CODE = YES;
				CLANG_WARN__DUPLICATE_METHOD_MATCH = YES;
				COPY_PHASE_STRIP = NO;
				DEBUG_INFORMATION_FORMAT = "dwarf-with-dsym";
				ENABLE_NS_ASSERTIONS = NO;
				ENABLE_STRICT_OBJC_MSGSEND = YES;
				ENABLE_USER_SCRIPT_SANDBOXING = YES;
				GCC_C_LANGUAGE_STANDARD = gnu17;
				GCC_NO_COMMON_BLOCKS = YES;
				GCC_WARN_64_TO_32_BIT_CONVERSION = YES;
				GCC_WARN_ABOUT_RETURN_TYPE = YES_ERROR;
				GCC_WARN_UNDECLARED_SELECTOR = YES;
				GCC_WARN_UNINITIALIZED_AUTOS = YES_AGGRESSIVE;
				GCC_WARN_UNUSED_FUNCTION = YES;
				GCC_WARN_UNUSED_VARIABLE = YES;
				IPHONEOS_DEPLOYMENT_TARGET = 17.0;
				LOCALIZATION_PREFERS_STRING_CATALOGS = YES;
				MTL_ENABLE_DEBUG_INFO = NO;
				MTL_FAST_MATH = YES;
				SDKROOT = iphoneos;
				SWIFT_COMPILATION_MODE = wholemodule;
				VALIDATE_PRODUCT = YES;
			};
			name = Release;
		};
		A228298C2B1149CA006A9415 /* Debug */ = {
			isa = XCBuildConfiguration;
			buildSettings = {
				ASSETCATALOG_COMPILER_APPICON_NAME = AppIcon;
				ASSETCATALOG_COMPILER_GLOBAL_ACCENT_COLOR_NAME = AccentColor;
				CODE_SIGN_ENTITLEMENTS = EcoGive/EcoGive.entitlements;
				CODE_SIGN_STYLE = Automatic;
				CURRENT_PROJECT_VERSION = 1;
				DEVELOPMENT_ASSET_PATHS = "\"EcoGive/Preview Content\"";
				DEVELOPMENT_TEAM = 2JM5G466XH;
				ENABLE_PREVIEWS = YES;
				GENERATE_INFOPLIST_FILE = YES;
				INFOPLIST_FILE = EcoGive/Info.plist;
				INFOPLIST_KEY_UIApplicationSceneManifest_Generation = YES;
				INFOPLIST_KEY_UIApplicationSupportsIndirectInputEvents = YES;
				INFOPLIST_KEY_UILaunchScreen_Generation = YES;
				INFOPLIST_KEY_UISupportedInterfaceOrientations_iPad = "UIInterfaceOrientationPortrait UIInterfaceOrientationPortraitUpsideDown UIInterfaceOrientationLandscapeLeft UIInterfaceOrientationLandscapeRight";
				INFOPLIST_KEY_UISupportedInterfaceOrientations_iPhone = "UIInterfaceOrientationPortrait UIInterfaceOrientationLandscapeLeft UIInterfaceOrientationLandscapeRight";
				LD_RUNPATH_SEARCH_PATHS = (
					"$(inherited)",
					"@executable_path/Frameworks",
				);
				MARKETING_VERSION = 1.0;
				PRODUCT_BUNDLE_IDENTIFIER = oumayma.EcoGive;
				PRODUCT_NAME = "$(TARGET_NAME)";
				SWIFT_EMIT_LOC_STRINGS = YES;
				SWIFT_VERSION = 5.0;
				TARGETED_DEVICE_FAMILY = "1,2";
			};
			name = Debug;
		};
		A228298D2B1149CA006A9415 /* Release */ = {
			isa = XCBuildConfiguration;
			buildSettings = {
				ASSETCATALOG_COMPILER_APPICON_NAME = AppIcon;
				ASSETCATALOG_COMPILER_GLOBAL_ACCENT_COLOR_NAME = AccentColor;
				CODE_SIGN_ENTITLEMENTS = EcoGive/EcoGive.entitlements;
				CODE_SIGN_STYLE = Automatic;
				CURRENT_PROJECT_VERSION = 1;
				DEVELOPMENT_ASSET_PATHS = "\"EcoGive/Preview Content\"";
				DEVELOPMENT_TEAM = 2JM5G466XH;
				ENABLE_PREVIEWS = YES;
				GENERATE_INFOPLIST_FILE = YES;
				INFOPLIST_FILE = EcoGive/Info.plist;
				INFOPLIST_KEY_UIApplicationSceneManifest_Generation = YES;
				INFOPLIST_KEY_UIApplicationSupportsIndirectInputEvents = YES;
				INFOPLIST_KEY_UILaunchScreen_Generation = YES;
				INFOPLIST_KEY_UISupportedInterfaceOrientations_iPad = "UIInterfaceOrientationPortrait UIInterfaceOrientationPortraitUpsideDown UIInterfaceOrientationLandscapeLeft UIInterfaceOrientationLandscapeRight";
				INFOPLIST_KEY_UISupportedInterfaceOrientations_iPhone = "UIInterfaceOrientationPortrait UIInterfaceOrientationLandscapeLeft UIInterfaceOrientationLandscapeRight";
				LD_RUNPATH_SEARCH_PATHS = (
					"$(inherited)",
					"@executable_path/Frameworks",
				);
				MARKETING_VERSION = 1.0;
				PRODUCT_BUNDLE_IDENTIFIER = oumayma.EcoGive;
				PRODUCT_NAME = "$(TARGET_NAME)";
				SWIFT_EMIT_LOC_STRINGS = YES;
				SWIFT_VERSION = 5.0;
				TARGETED_DEVICE_FAMILY = "1,2";
			};
			name = Release;
		};
/* End XCBuildConfiguration section */

/* Begin XCConfigurationList section */
		A22829712B1149C9006A9415 /* Build configuration list for PBXProject "EcoGive" */ = {
			isa = XCConfigurationList;
			buildConfigurations = (
				A22829892B1149CA006A9415 /* Debug */,
				A228298A2B1149CA006A9415 /* Release */,
			);
			defaultConfigurationIsVisible = 0;
			defaultConfigurationName = Release;
		};
		A228298B2B1149CA006A9415 /* Build configuration list for PBXNativeTarget "EcoGive" */ = {
			isa = XCConfigurationList;
			buildConfigurations = (
				A228298C2B1149CA006A9415 /* Debug */,
				A228298D2B1149CA006A9415 /* Release */,
			);
			defaultConfigurationIsVisible = 0;
			defaultConfigurationName = Release;
		};
/* End XCConfigurationList section */

/* Begin XCVersionGroup section */
		A22829842B1149CA006A9415 /* EcoGive.xcdatamodeld */ = {
			isa = XCVersionGroup;
			children = (
				A22829852B1149CA006A9415 /* EcoGive.xcdatamodel */,
			);
			currentVersion = A22829852B1149CA006A9415 /* EcoGive.xcdatamodel */;
			path = EcoGive.xcdatamodeld;
			sourceTree = "<group>";
			versionGroupType = wrapper.xcdatamodel;
		};
/* End XCVersionGroup section */
	};
	rootObject = A228296E2B1149C9006A9415 /* Project object */;
}